
Microsoft Visual Studio Solution File, Format Version 12.00
# Visual Studio 15
VisualStudioVersion = 15.0.28307.539
MinimumVisualStudioVersion = 10.0.40219.1
Project("{FAE04EC0-301F-11D3-BF4B-00C04F79EFBC}") = "FactoryMethodMode", "FactoryMethodMode\FactoryMethodMode.csproj", "{21376A50-5101-4766-99FB-073A2DC9182C}"
EndProject
Global
	GlobalSection(SolutionConfigurationPlatforms) = preSolution
		Debug|Any CPU = Debug|Any CPU
		Release|Any CPU = Release|Any CPU
	EndGlobalSection
	GlobalSection(ProjectConfigurationPlatforms) = postSolution
		{21376A50-5101-4766-99FB-073A2DC9182C}.Debug|Any CPU.ActiveCfg = Debug|Any CPU
		{21376A50-5101-4766-99FB-073A2DC9182C}.Debug|Any CPU.Build.0 = Debug|Any CPU
		{21376A50-5101-4766-99FB-073A2DC9182C}.Release|Any CPU.ActiveCfg = Release|Any CPU
		{21376A50-5101-4766-99FB-073A2DC9182C}.Release|Any CPU.Build.0 = Release|Any CPU
	EndGlobalSection
	GlobalSection(SolutionProperties) = preSolution
		HideSolutionNode = FALSE
	EndGlobalSection
	GlobalSection(ExtensibilityGlobals) = postSolution
		SolutionGuid = {1BFE6940-DC0A-45D2-8987-4D5B8B17179F}
	EndGlobalSection
EndGlobal
