
Microsoft Visual Studio Solution File, Format Version 12.00
# Visual Studio 15
VisualStudioVersion = 15.0.28307.539
MinimumVisualStudioVersion = 10.0.40219.1
Project("{FAE04EC0-301F-11D3-BF4B-00C04F79EFBC}") = "StrategyPattern", "StrategyPattern\StrategyPattern.csproj", "{156C6453-F030-4DCB-84D0-A7416550CB5E}"
EndProject
Global
	GlobalSection(SolutionConfigurationPlatforms) = preSolution
		Debug|Any CPU = Debug|Any CPU
		Release|Any CPU = Release|Any CPU
	EndGlobalSection
	GlobalSection(ProjectConfigurationPlatforms) = postSolution
		{156C6453-F030-4DCB-84D0-A7416550CB5E}.Debug|Any CPU.ActiveCfg = Debug|Any CPU
		{156C6453-F030-4DCB-84D0-A7416550CB5E}.Debug|Any CPU.Build.0 = Debug|Any CPU
		{156C6453-F030-4DCB-84D0-A7416550CB5E}.Release|Any CPU.ActiveCfg = Release|Any CPU
		{156C6453-F030-4DCB-84D0-A7416550CB5E}.Release|Any CPU.Build.0 = Release|Any CPU
	EndGlobalSection
	GlobalSection(SolutionProperties) = preSolution
		HideSolutionNode = FALSE
	EndGlobalSection
	GlobalSection(ExtensibilityGlobals) = postSolution
		SolutionGuid = {2D038285-2DE1-4A65-9CE0-603C2F82681B}
	EndGlobalSection
EndGlobal
